{
  "version": 4,
  "terraform_version": "1.10.3",
  "serial": 73,
  "lineage": "7c783f87-9684-7f30-b90f-c15106222c55",
  "outputs": {
    "instance_private_ip": {
      "value": [
        "10.0.46.21"
      ],
      "type": [
        "tuple",
        [
          "string"
        ]
      ]
    },
    "instance_public_ip": {
      "value": [
        "18.233.8.231"
      ],
      "type": [
        "tuple",
        [
          "string"
        ]
      ]
    },
    "kms_key": {
      "value": "118354a9-2882-4dcd-8877-f1a03625df3a",
      "type": "string"
    }
  },
  "resources": [
    {
      "module": "module.test_env_module",
      "mode": "data",
      "type": "aws_ami",
      "name": "ubuntu_ami",
      "provider": "provider[\"registry.terraform.io/hashicorp/aws\"]",
      "instances": [
        {
          "schema_version": 0,
          "attributes": {
            "architecture": "x86_64",
            "arn": "arn:aws:ec2:us-east-1::image/ami-095a8f574cb0ac0d0",
            "block_device_mappings": [
              {
                "device_name": "/dev/sda1",
                "ebs": {
                  "delete_on_termination": "true",
                  "encrypted": "false",
                  "iops": "0",
                  "snapshot_id": "snap-05ba98da7157cca37",
                  "throughput": "0",
                  "volume_size": "8",
                  "volume_type": "gp2"
                },
                "no_device": "",
                "virtual_name": ""
              },
              {
                "device_name": "/dev/sdb",
                "ebs": {},
                "no_device": "",
                "virtual_name": "ephemeral0"
              },
              {
                "device_name": "/dev/sdc",
                "ebs": {},
                "no_device": "",
                "virtual_name": "ephemeral1"
              }
            ],
            "boot_mode": "legacy-bios",
            "creation_date": "2024-11-12T11:35:13.000Z",
            "deprecation_time": "2026-11-12T11:35:13.000Z",
            "description": "Canonical, Ubuntu, 20.04 LTS, amd64 focal image build on 2024-11-12",
            "ena_support": true,
            "executable_users": null,
            "filter": [
              {
                "name": "name",
                "values": [
                  "ubuntu/images/hvm-ssd/ubuntu-focal-20.04-amd64-server-*"
                ]
              },
              {
                "name": "virtualization-type",
                "values": [
                  "hvm"
                ]
              }
            ],
            "hypervisor": "xen",
            "id": "ami-095a8f574cb0ac0d0",
            "image_id": "ami-095a8f574cb0ac0d0",
            "image_location": "amazon/ubuntu/images/hvm-ssd/ubuntu-focal-20.04-amd64-server-20241112",
            "image_owner_alias": "amazon",
            "image_type": "machine",
            "imds_support": "",
            "include_deprecated": false,
            "kernel_id": "",
            "most_recent": true,
            "name": "ubuntu/images/hvm-ssd/ubuntu-focal-20.04-amd64-server-20241112",
            "name_regex": null,
            "owner_id": "099720109477",
            "owners": [
              "099720109477"
            ],
            "platform": "",
            "platform_details": "Linux/UNIX",
            "product_codes": [],
            "public": true,
            "ramdisk_id": "",
            "root_device_name": "/dev/sda1",
            "root_device_type": "ebs",
            "root_snapshot_id": "snap-05ba98da7157cca37",
            "sriov_net_support": "simple",
            "state": "available",
            "state_reason": {
              "code": "UNSET",
              "message": "UNSET"
            },
            "tags": {},
            "timeouts": null,
            "tpm_support": "",
            "usage_operation": "RunInstances",
            "virtualization_type": "hvm"
          },
          "sensitive_attributes": []
        }
      ]
    },
    {
      "module": "module.test_env_module",
      "mode": "managed",
      "type": "aws_dynamodb_table",
      "name": "state",
      "provider": "provider[\"registry.terraform.io/hashicorp/aws\"]",
      "instances": [
        {
          "schema_version": 1,
          "attributes": {
            "arn": "arn:aws:dynamodb:us-east-1:905418438096:table/tf-state-db",
            "attribute": [
              {
                "name": "LockID",
                "type": "S"
              }
            ],
            "billing_mode": "PAY_PER_REQUEST",
            "deletion_protection_enabled": false,
            "global_secondary_index": [],
            "hash_key": "LockID",
            "id": "tf-state-db",
            "local_secondary_index": [],
            "name": "tf-state-db",
            "point_in_time_recovery": [
              {
                "enabled": false
              }
            ],
            "range_key": null,
            "read_capacity": 0,
            "replica": [],
            "restore_date_time": null,
            "restore_source_name": null,
            "restore_to_latest_time": null,
            "server_side_encryption": [],
            "stream_arn": "",
            "stream_enabled": false,
            "stream_label": "",
            "stream_view_type": "",
            "table_class": "STANDARD",
            "tags": {},
            "tags_all": {},
            "timeouts": null,
            "ttl": [
              {
                "attribute_name": "",
                "enabled": false
              }
            ],
            "write_capacity": 0
          },
          "sensitive_attributes": [],
          "private": "eyJlMmJmYjczMC1lY2FhLTExZTYtOGY4OC0zNDM2M2JjN2M0YzAiOnsiY3JlYXRlIjoxODAwMDAwMDAwMDAwLCJkZWxldGUiOjYwMDAwMDAwMDAwMCwidXBkYXRlIjozNjAwMDAwMDAwMDAwfSwic2NoZW1hX3ZlcnNpb24iOiIxIn0="
        }
      ]
    },
    {
      "module": "module.test_env_module",
      "mode": "managed",
      "type": "aws_instance",
      "name": "test_env_ec2",
      "provider": "provider[\"registry.terraform.io/hashicorp/aws\"]",
      "instances": [
        {
          "index_key": 0,
          "schema_version": 1,
          "attributes": {
            "ami": "ami-095a8f574cb0ac0d0",
            "arn": "arn:aws:ec2:us-east-1:905418438096:instance/i-0fb773a4e118f21c1",
            "associate_public_ip_address": true,
            "availability_zone": "us-east-1a",
            "capacity_reservation_specification": [
              {
                "capacity_reservation_preference": "open",
                "capacity_reservation_target": []
              }
            ],
            "cpu_core_count": 1,
            "cpu_options": [
              {
                "amd_sev_snp": "",
                "core_count": 1,
                "threads_per_core": 1
              }
            ],
            "cpu_threads_per_core": 1,
            "credit_specification": [
              {
                "cpu_credits": "standard"
              }
            ],
            "disable_api_stop": false,
            "disable_api_termination": false,
            "ebs_block_device": [],
            "ebs_optimized": false,
            "enclave_options": [
              {
                "enabled": false
              }
            ],
            "ephemeral_block_device": [],
            "get_password_data": false,
            "hibernation": false,
            "host_id": "",
            "host_resource_group_arn": null,
            "iam_instance_profile": "",
            "id": "i-0fb773a4e118f21c1",
            "instance_initiated_shutdown_behavior": "stop",
            "instance_state": "running",
            "instance_type": "t2.micro",
            "ipv6_address_count": 0,
            "ipv6_addresses": [],
            "key_name": "tfkey",
            "launch_template": [],
            "maintenance_options": [
              {
                "auto_recovery": "default"
              }
            ],
            "metadata_options": [
              {
                "http_endpoint": "enabled",
                "http_put_response_hop_limit": 1,
                "http_tokens": "optional",
                "instance_metadata_tags": "disabled"
              }
            ],
            "monitoring": false,
            "network_interface": [],
            "outpost_arn": "",
            "password_data": "",
            "placement_group": "",
            "placement_partition_number": 0,
            "primary_network_interface_id": "eni-0ba3057ffadd9818d",
            "private_dns": "ip-10-0-46-21.ec2.internal",
            "private_dns_name_options": [
              {
                "enable_resource_name_dns_a_record": false,
                "enable_resource_name_dns_aaaa_record": false,
                "hostname_type": "ip-name"
              }
            ],
            "private_ip": "10.0.46.21",
            "public_dns": "ec2-18-233-8-231.compute-1.amazonaws.com",
            "public_ip": "18.233.8.231",
            "root_block_device": [
              {
                "delete_on_termination": true,
                "device_name": "/dev/sda1",
                "encrypted": false,
                "iops": 100,
                "kms_key_id": "",
                "tags": {},
                "throughput": 0,
                "volume_id": "vol-0ca945d414c333b62",
                "volume_size": 8,
                "volume_type": "gp2"
              }
            ],
            "secondary_private_ips": [],
            "security_groups": [
              "sg-0539df5d27f58f41d"
            ],
            "source_dest_check": true,
            "subnet_id": "subnet-09635e6dadbe37e0a",
            "tags": {
              "Name": "main_server"
            },
            "tags_all": {
              "Name": "main_server"
            },
            "tenancy": "default",
            "timeouts": null,
            "user_data": null,
            "user_data_base64": null,
            "user_data_replace_on_change": false,
            "volume_tags": null,
            "vpc_security_group_ids": [
              "sg-0539df5d27f58f41d"
            ]
          },
          "sensitive_attributes": [],
          "private": "eyJlMmJmYjczMC1lY2FhLTExZTYtOGY4OC0zNDM2M2JjN2M0YzAiOnsiY3JlYXRlIjo2MDAwMDAwMDAwMDAsImRlbGV0ZSI6MTIwMDAwMDAwMDAwMCwidXBkYXRlIjo2MDAwMDAwMDAwMDB9LCJzY2hlbWFfdmVyc2lvbiI6IjEifQ==",
          "dependencies": [
            "module.test_env_module.aws_security_group.security",
            "module.test_env_module.aws_subnet.subnet",
            "module.test_env_module.aws_vpc.test_env",
            "module.test_env_module.data.aws_ami.ubuntu_ami"
          ]
        }
      ]
    },
    {
      "module": "module.test_env_module",
      "mode": "managed",
      "type": "aws_internet_gateway",
      "name": "test_env_gw",
      "provider": "provider[\"registry.terraform.io/hashicorp/aws\"]",
      "instances": [
        {
          "schema_version": 0,
          "attributes": {
            "arn": "arn:aws:ec2:us-east-1:905418438096:internet-gateway/igw-0766f01ce2269593a",
            "id": "igw-0766f01ce2269593a",
            "owner_id": "905418438096",
            "tags": {},
            "tags_all": {},
            "timeouts": null,
            "vpc_id": "vpc-0b8b35ad3f0460ecd"
          },
          "sensitive_attributes": [],
          "private": "eyJlMmJmYjczMC1lY2FhLTExZTYtOGY4OC0zNDM2M2JjN2M0YzAiOnsiY3JlYXRlIjoxMjAwMDAwMDAwMDAwLCJkZWxldGUiOjEyMDAwMDAwMDAwMDAsInVwZGF0ZSI6MTIwMDAwMDAwMDAwMH19",
          "dependencies": [
            "module.test_env_module.aws_vpc.test_env"
          ]
        }
      ]
    },
    {
      "module": "module.test_env_module",
      "mode": "managed",
      "type": "aws_key_pair",
      "name": "tf_key",
      "provider": "provider[\"registry.terraform.io/hashicorp/aws\"]",
      "instances": [
        {
          "schema_version": 1,
          "attributes": {
            "arn": "arn:aws:ec2:us-east-1:905418438096:key-pair/tfkey",
            "fingerprint": "a4:d9:75:50:fe:29:32:4e:29:06:3b:50:8f:1b:5a:6c",
            "id": "tfkey",
            "key_name": "tfkey",
            "key_name_prefix": "",
            "key_pair_id": "key-01a49a27dee296b26",
            "key_type": "rsa",
            "public_key": "ssh-rsa AAAAB3NzaC1yc2EAAAADAQABAAACAQDE+k6xC8J320y6gEU+W8dMbqBJ/KkdsIuUfSj16jtPh+fvovcUPFVWczqU0w9LlvHX5+K6JlpR0aIez/coVThqbdyEESDtL6XJYPKpG5o12Dz7hGhXSXeuut7T9U7Fa+mz6r+bQnV+dHz+ikPLYKrl2j0cnWp4yFJNXamSpBUC12xkSevKV87wyEHxSpLcs4cJlGVZo2WOOY4v8gIOIZ7DYRYpaqC1HYaH90kc6OYzRYcFbByYim4hQrm4bxLoTOGvQ2Pub/sLNEFX05MmObn7TrrqfSt6wzSlxwvwwBkXYc3nid2h11G+O1v+nvMrK2738cq4DQZi939loSZXJOuFEBaRmvKQU/D59uBdzfliXA5cwClX8n3460wc5sfTo3fOKIIdPjEeVPlI2LsC+ZCW+JXBFVhYEwWKSLG4hrOSKpKcJhn116VP4Xnq2aLlojIOGNPB3C5ocMI5Pz81S7rkhN8oqt1NjGevK1tqFOwIWsiatAW/LbTNIgdJTP8bjLth1gCrBlosEvrSptRL66L4VYo+NQvlDCbzEa7AqW4LeCmpXisuwcIhO1GrQZ1A+99vhBvjCLtx+rg1R7DgolwoE5e7oS/JAePScvcQHN82YVKg3mpbUkVz3K4f/p0MFc3g8C8P1nzUgBVcfTpoUk95zyAAoAxnV7HHy8hTC/29bw==",
            "tags": {},
            "tags_all": {}
          },
          "sensitive_attributes": [],
          "private": "eyJzY2hlbWFfdmVyc2lvbiI6IjEifQ==",
          "dependencies": [
            "module.test_env_module.tls_private_key.rsa"
          ]
        }
      ]
    },
    {
      "module": "module.test_env_module",
      "mode": "managed",
      "type": "aws_kms_key",
      "name": "state",
      "provider": "provider[\"registry.terraform.io/hashicorp/aws\"]",
      "instances": [
        {
          "schema_version": 0,
          "attributes": {
            "arn": "arn:aws:kms:us-east-1:905418438096:key/118354a9-2882-4dcd-8877-f1a03625df3a",
            "bypass_policy_lockout_safety_check": false,
            "custom_key_store_id": "",
            "customer_master_key_spec": "SYMMETRIC_DEFAULT",
            "deletion_window_in_days": 10,
            "description": "s3 bucket encryption key",
            "enable_key_rotation": false,
            "id": "118354a9-2882-4dcd-8877-f1a03625df3a",
            "is_enabled": true,
            "key_id": "118354a9-2882-4dcd-8877-f1a03625df3a",
            "key_usage": "ENCRYPT_DECRYPT",
            "multi_region": false,
            "policy": "{\"Id\":\"key-default-1\",\"Statement\":[{\"Action\":\"kms:*\",\"Effect\":\"Allow\",\"Principal\":{\"AWS\":\"arn:aws:iam::905418438096:root\"},\"Resource\":\"*\",\"Sid\":\"Enable IAM User Permissions\"}],\"Version\":\"2012-10-17\"}",
            "tags": {},
            "tags_all": {}
          },
          "sensitive_attributes": [],
          "private": "bnVsbA=="
        }
      ]
    },
    {
      "module": "module.test_env_module",
      "mode": "managed",
      "type": "aws_route_table",
      "name": "route_table_test_env",
      "provider": "provider[\"registry.terraform.io/hashicorp/aws\"]",
      "instances": [
        {
          "schema_version": 0,
          "attributes": {
            "arn": "arn:aws:ec2:us-east-1:905418438096:route-table/rtb-0e37ab4e5cb139ff7",
            "id": "rtb-0e37ab4e5cb139ff7",
            "owner_id": "905418438096",
            "propagating_vgws": [],
            "route": [
              {
                "carrier_gateway_id": "",
                "cidr_block": "0.0.0.0/0",
                "core_network_arn": "",
                "destination_prefix_list_id": "",
                "egress_only_gateway_id": "",
                "gateway_id": "igw-0766f01ce2269593a",
                "ipv6_cidr_block": "",
                "local_gateway_id": "",
                "nat_gateway_id": "",
                "network_interface_id": "",
                "transit_gateway_id": "",
                "vpc_endpoint_id": "",
                "vpc_peering_connection_id": ""
              }
            ],
            "tags": {},
            "tags_all": {},
            "timeouts": null,
            "vpc_id": "vpc-0b8b35ad3f0460ecd"
          },
          "sensitive_attributes": [],
          "private": "eyJlMmJmYjczMC1lY2FhLTExZTYtOGY4OC0zNDM2M2JjN2M0YzAiOnsiY3JlYXRlIjozMDAwMDAwMDAwMDAsImRlbGV0ZSI6MzAwMDAwMDAwMDAwLCJ1cGRhdGUiOjEyMDAwMDAwMDAwMH19",
          "dependencies": [
            "module.test_env_module.aws_internet_gateway.test_env_gw",
            "module.test_env_module.aws_vpc.test_env"
          ]
        }
      ]
    },
    {
      "module": "module.test_env_module",
      "mode": "managed",
      "type": "aws_route_table_association",
      "name": "subnet_association",
      "provider": "provider[\"registry.terraform.io/hashicorp/aws\"]",
      "instances": [
        {
          "schema_version": 0,
          "attributes": {
            "gateway_id": "",
            "id": "rtbassoc-088fe49ded94c46eb",
            "route_table_id": "rtb-0e37ab4e5cb139ff7",
            "subnet_id": "subnet-09635e6dadbe37e0a",
            "timeouts": null
          },
          "sensitive_attributes": [],
          "private": "eyJlMmJmYjczMC1lY2FhLTExZTYtOGY4OC0zNDM2M2JjN2M0YzAiOnsiY3JlYXRlIjozMDAwMDAwMDAwMDAsImRlbGV0ZSI6MzAwMDAwMDAwMDAwLCJ1cGRhdGUiOjEyMDAwMDAwMDAwMH19",
          "dependencies": [
            "module.test_env_module.aws_internet_gateway.test_env_gw",
            "module.test_env_module.aws_route_table.route_table_test_env",
            "module.test_env_module.aws_subnet.subnet",
            "module.test_env_module.aws_vpc.test_env"
          ]
        }
      ]
    },
    {
      "module": "module.test_env_module",
      "mode": "managed",
      "type": "aws_s3_bucket",
      "name": "state",
      "provider": "provider[\"registry.terraform.io/hashicorp/aws\"]",
      "instances": [
        {
          "schema_version": 0,
          "attributes": {
            "acceleration_status": "",
            "acl": null,
            "arn": "arn:aws:s3:::assign5-tf-statelck",
            "bucket": "assign5-tf-statelck",
            "bucket_domain_name": "assign5-tf-statelck.s3.amazonaws.com",
            "bucket_prefix": "",
            "bucket_regional_domain_name": "assign5-tf-statelck.s3.us-east-1.amazonaws.com",
            "cors_rule": [],
            "force_destroy": true,
            "grant": [
              {
                "id": "52aa847d5f9bcf4ea8957c90044ece59ff9e9ef153e14a0ca3aa599671525044",
                "permissions": [
                  "FULL_CONTROL"
                ],
                "type": "CanonicalUser",
                "uri": ""
              }
            ],
            "hosted_zone_id": "Z3AQBSTGFYJSTF",
            "id": "assign5-tf-statelck",
            "lifecycle_rule": [],
            "logging": [],
            "object_lock_configuration": [],
            "object_lock_enabled": false,
            "policy": "",
            "region": "us-east-1",
            "replication_configuration": [],
            "request_payer": "BucketOwner",
            "server_side_encryption_configuration": [
              {
                "rule": [
                  {
                    "apply_server_side_encryption_by_default": [
                      {
                        "kms_master_key_id": "arn:aws:kms:us-east-1:905418438096:key/118354a9-2882-4dcd-8877-f1a03625df3a",
                        "sse_algorithm": "aws:kms"
                      }
                    ],
                    "bucket_key_enabled": false
                  }
                ]
              }
            ],
            "tags": {
              "Name": "state_bucket"
            },
            "tags_all": {
              "Name": "state_bucket"
            },
            "timeouts": null,
            "versioning": [
              {
                "enabled": true,
                "mfa_delete": false
              }
            ],
            "website": [],
            "website_domain": null,
            "website_endpoint": null
          },
          "sensitive_attributes": [],
          "private": "eyJlMmJmYjczMC1lY2FhLTExZTYtOGY4OC0zNDM2M2JjN2M0YzAiOnsiY3JlYXRlIjoxMjAwMDAwMDAwMDAwLCJkZWxldGUiOjM2MDAwMDAwMDAwMDAsInJlYWQiOjEyMDAwMDAwMDAwMDAsInVwZGF0ZSI6MTIwMDAwMDAwMDAwMH19"
        }
      ]
    },
    {
      "module": "module.test_env_module",
      "mode": "managed",
      "type": "aws_s3_bucket_public_access_block",
      "name": "sate",
      "provider": "provider[\"registry.terraform.io/hashicorp/aws\"]",
      "instances": [
        {
          "schema_version": 0,
          "attributes": {
            "block_public_acls": true,
            "block_public_policy": true,
            "bucket": "assign5-tf-statelck",
            "id": "assign5-tf-statelck",
            "ignore_public_acls": true,
            "restrict_public_buckets": true
          },
          "sensitive_attributes": [],
          "private": "bnVsbA=="
        }
      ]
    },
    {
      "module": "module.test_env_module",
      "mode": "managed",
      "type": "aws_s3_bucket_server_side_encryption_configuration",
      "name": "state",
      "provider": "provider[\"registry.terraform.io/hashicorp/aws\"]",
      "instances": [
        {
          "schema_version": 0,
          "attributes": {
            "bucket": "assign5-tf-statelck",
            "expected_bucket_owner": "",
            "id": "assign5-tf-statelck",
            "rule": [
              {
                "apply_server_side_encryption_by_default": [
                  {
                    "kms_master_key_id": "arn:aws:kms:us-east-1:905418438096:key/118354a9-2882-4dcd-8877-f1a03625df3a",
                    "sse_algorithm": "aws:kms"
                  }
                ],
                "bucket_key_enabled": false
              }
            ]
          },
          "sensitive_attributes": [],
          "private": "bnVsbA==",
          "dependencies": [
            "module.test_env_module.aws_kms_key.state"
          ]
        }
      ]
    },
    {
      "module": "module.test_env_module",
      "mode": "managed",
      "type": "aws_s3_bucket_versioning",
      "name": "state",
      "provider": "provider[\"registry.terraform.io/hashicorp/aws\"]",
      "instances": [
        {
          "schema_version": 0,
          "attributes": {
            "bucket": "assign5-tf-statelck",
            "expected_bucket_owner": "",
            "id": "assign5-tf-statelck",
            "mfa": null,
            "versioning_configuration": [
              {
                "mfa_delete": "",
                "status": "Enabled"
              }
            ]
          },
          "sensitive_attributes": [],
          "private": "bnVsbA=="
        }
      ]
    },
    {
      "module": "module.test_env_module",
      "mode": "managed",
      "type": "aws_security_group",
      "name": "security",
      "provider": "provider[\"registry.terraform.io/hashicorp/aws\"]",
      "instances": [
        {
          "schema_version": 1,
          "attributes": {
            "arn": "arn:aws:ec2:us-east-1:905418438096:security-group/sg-0539df5d27f58f41d",
            "description": "Managed by Terraform",
            "egress": [
              {
                "cidr_blocks": [
                  "0.0.0.0/0"
                ],
                "description": "",
                "from_port": 0,
                "ipv6_cidr_blocks": [],
                "prefix_list_ids": [],
                "protocol": "-1",
                "security_groups": [],
                "self": false,
                "to_port": 0
              }
            ],
            "id": "sg-0539df5d27f58f41d",
            "ingress": [
              {
                "cidr_blocks": [
                  "0.0.0.0/0"
                ],
                "description": "",
                "from_port": 80,
                "ipv6_cidr_blocks": [],
                "prefix_list_ids": [],
                "protocol": "tcp",
                "security_groups": [],
                "self": false,
                "to_port": 80
              },
              {
                "cidr_blocks": [
                  "0.0.0.0/0"
                ],
                "description": "",
                "from_port": 81,
                "ipv6_cidr_blocks": [],
                "prefix_list_ids": [],
                "protocol": "tcp",
                "security_groups": [],
                "self": false,
                "to_port": 81
              },
              {
                "cidr_blocks": [
                  "0.0.0.0/0"
                ],
                "description": null,
                "from_port": 22,
                "ipv6_cidr_blocks": [],
                "prefix_list_ids": [],
                "protocol": "tcp",
                "security_groups": [],
                "self": false,
                "to_port": 22
              }
            ],
            "name": "allow-all",
            "name_prefix": "",
            "owner_id": "905418438096",
            "revoke_rules_on_delete": false,
            "tags": {},
            "tags_all": {},
            "timeouts": null,
            "vpc_id": "vpc-0b8b35ad3f0460ecd"
          },
          "sensitive_attributes": [],
          "private": "eyJlMmJmYjczMC1lY2FhLTExZTYtOGY4OC0zNDM2M2JjN2M0YzAiOnsiY3JlYXRlIjo2MDAwMDAwMDAwMDAsImRlbGV0ZSI6OTAwMDAwMDAwMDAwfSwic2NoZW1hX3ZlcnNpb24iOiIxIn0=",
          "dependencies": [
            "module.test_env_module.aws_vpc.test_env"
          ]
        }
      ]
    },
    {
      "module": "module.test_env_module",
      "mode": "managed",
      "type": "aws_subnet",
      "name": "subnet",
      "provider": "provider[\"registry.terraform.io/hashicorp/aws\"]",
      "instances": [
        {
          "schema_version": 1,
          "attributes": {
            "arn": "arn:aws:ec2:us-east-1:905418438096:subnet/subnet-09635e6dadbe37e0a",
            "assign_ipv6_address_on_creation": false,
            "availability_zone": "us-east-1a",
            "availability_zone_id": "use1-az2",
            "cidr_block": "10.0.32.0/19",
            "customer_owned_ipv4_pool": "",
            "enable_dns64": false,
            "enable_lni_at_device_index": 0,
            "enable_resource_name_dns_a_record_on_launch": false,
            "enable_resource_name_dns_aaaa_record_on_launch": false,
            "id": "subnet-09635e6dadbe37e0a",
            "ipv6_cidr_block": "",
            "ipv6_cidr_block_association_id": "",
            "ipv6_native": false,
            "map_customer_owned_ip_on_launch": false,
            "map_public_ip_on_launch": false,
            "outpost_arn": "",
            "owner_id": "905418438096",
            "private_dns_hostname_type_on_launch": "ip-name",
            "tags": {},
            "tags_all": {},
            "timeouts": null,
            "vpc_id": "vpc-0b8b35ad3f0460ecd"
          },
          "sensitive_attributes": [],
          "private": "eyJlMmJmYjczMC1lY2FhLTExZTYtOGY4OC0zNDM2M2JjN2M0YzAiOnsiY3JlYXRlIjo2MDAwMDAwMDAwMDAsImRlbGV0ZSI6MTIwMDAwMDAwMDAwMH0sInNjaGVtYV92ZXJzaW9uIjoiMSJ9",
          "dependencies": [
            "module.test_env_module.aws_vpc.test_env"
          ]
        }
      ]
    },
    {
      "module": "module.test_env_module",
      "mode": "managed",
      "type": "aws_vpc",
      "name": "test_env",
      "provider": "provider[\"registry.terraform.io/hashicorp/aws\"]",
      "instances": [
        {
          "schema_version": 1,
          "attributes": {
            "arn": "arn:aws:ec2:us-east-1:905418438096:vpc/vpc-0b8b35ad3f0460ecd",
            "assign_generated_ipv6_cidr_block": false,
            "cidr_block": "10.0.0.0/16",
            "default_network_acl_id": "acl-02acb8ed8222fb69d",
            "default_route_table_id": "rtb-0d25b1854eec93ec2",
            "default_security_group_id": "sg-0ac759c1bebb06f31",
            "dhcp_options_id": "dopt-051bc3b7b2d2b0ad3",
            "enable_dns_hostnames": true,
            "enable_dns_support": true,
            "enable_network_address_usage_metrics": false,
            "id": "vpc-0b8b35ad3f0460ecd",
            "instance_tenancy": "default",
            "ipv4_ipam_pool_id": null,
            "ipv4_netmask_length": null,
            "ipv6_association_id": "",
            "ipv6_cidr_block": "",
            "ipv6_cidr_block_network_border_group": "",
            "ipv6_ipam_pool_id": "",
            "ipv6_netmask_length": 0,
            "main_route_table_id": "rtb-0d25b1854eec93ec2",
            "owner_id": "905418438096",
            "tags": {
              "Name": "test_env"
            },
            "tags_all": {
              "Name": "test_env"
            }
          },
          "sensitive_attributes": [],
          "private": "eyJzY2hlbWFfdmVyc2lvbiI6IjEifQ=="
        }
      ]
    },
    {
      "module": "module.test_env_module",
      "mode": "managed",
      "type": "local_file",
      "name": "tf_key",
      "provider": "provider[\"registry.terraform.io/hashicorp/local\"]",
      "instances": [
        {
          "schema_version": 0,
          "attributes": {
            "content": "-----BEGIN RSA PRIVATE KEY-----\nMIIJJwIBAAKCAgEAxPpOsQvCd9tMuoBFPlvHTG6gSfypHbCLlH0o9eo7T4fn76L3\nFDxVVnM6lNMPS5bx1+fiuiZaUdGiHs/3KFU4am3chBEg7S+lyWDyqRuaNdg8+4Ro\nV0l3rrre0/VOxWvps+q/m0J1fnR8/opDy2Cq5do9HJ1qeMhSTV2pkqQVAtdsZEnr\nylfO8MhB8UqS3LOHCZRlWaNljjmOL/ICDiGew2EWKWqgtR2Gh/dJHOjmM0WHBWwc\nmIpuIUK5uG8S6Ezhr0Nj7m/7CzRBV9OTJjm5+0666n0resM0pccL8MAZF2HN54nd\noddRvjtb/p7zKytu9/HKuA0GYvd/ZaEmVyTrhRAWkZrykFPw+fbgXc35YlwOXMAp\nV/J9+OtMHObH06N3ziiCHT4xHlT5SNi7AvmQlviVwRVYWBMFikixuIazkiqSnCYZ\n9delT+F56tmi5aIyDhjTwdwuaHDCOT8/NUu65ITfKKrdTYxnrytbahTsCFrImrQF\nvy20zSIHSUz/G4y7YdYAqwZaLBL60qbUS+ui+FWKPjUL5Qwm8xGuwKluC3gpqV4r\nLsHCITtRq0GdQPvfb4Qb4wi7cfq4NUew4KJcKBOXu6EvyQHj0nL3EBzfNmFSoN5q\nW1JFc9yuH/6dDBXN4PAvD9Z81IAVXH06aFJPec8gAKAMZ1exx8vIUwv9vW8CAwEA\nAQKCAgBxlmYKcl2SAEQeyBkl/IbQ7HpCMBDVrhjPZ91W8duB4T0+Uxtn7+LGF2yQ\npaUMUd7kQjPcZIFw7RIv8nz0JTCDLxcakUYLgI55sg48tk4W/rsrzw7cRuFdQSV9\n1Ne3wKLjvVsAjTJz2Xi6z8CIZxYltdPHzH65Z8sOEhTXGweCu/clXfs6k6gh8VkV\na4uE+YHFZG2NY0wM1+PGgiftPjXvNO0ytOo3hu8tOMxQf30/07goyE81J56aT4AJ\newPMMYlzJ8lYlfqOW3PS0Y7pXCCDasMetU99W1PgxQd9rUjK0vuJqVbFHQVmTZSf\nH8nZ+xHiqOvddqVYLKCqWmNhnUiyT6fmpXT4Z9cAFOLKYBT78azwFXMMq/uPl3v4\nJk8RJ/HRvE+PpIRfFS9mx7gywLO/ZiPXXXtUHSMenik2aD3092exNhxmSljFfWAR\n4aqq6vtw+YVEjeIxKg901+WbPH0y/vlbOyWPnvjuv5oKsPWBPPVOwOVpusK+WjPy\nMjjHnMLcE6Hd37HtrBnXAmoe8oGqKSDG7tEH1ql+q4wnSwI0sxP+NwTn9AcS+bV5\n9I/kR6zr6rPVE5hKBMIMN8uwfVwZ7LwVVWxZ3t646r4UKHrZJXJOxeZgYlg9bBm0\ndmhJZq5WRKquDzgYNo5HHDxT2SrTOmSJRm0lhk+/+wdhOVywAQKCAQEA5Y2P7eFs\nYxLnYHRYfUhLcb050ifVdG9kK3xSDaNZJ7A1h8jVoG+Px5T+VTUALau84cmjrQyz\nHrTEko1jw7h18aIW/T/lWOAEEhxWX945S+MII9/Em7hW+kx4xG0ItrN5TKsxwUBF\nvRnOE8JcvSo093LrbYt1+yfFL9d+TzHwYsqb9Uwc3M/iIj8INUdPnn6xeRZz7Nf3\nLVdJ5nBQ6N0yJCzetZKj8JMQ+7oWDyYBnfuadxmAt4IpsBXqljuAPRH8mHKl80H3\ndUBKN/J3EhBaSZov9mmlys2qw4NwY/UQ5NTf4BGZuWA04Msb6mLUbtZTHi+wGnUY\n1vq4HfbVCSqAQQKCAQEA26v4sruIUyy0bk0HPyNaEUZJR/E86tFEM0T04qGcJJ6r\nm4M5Y/X9XPR3qT9iASyZwEk0l6P3KNUHKn3uw35FslnPTukLrj+pTXxB4FJaQM5K\nvwtpuLhnpwLfpOk9CsirMPdPNsbLFbHulQumvPw6qPr/U/9O1QpePUfFGNKhJ7Ox\nkPMU+tQdhEzJKxgjxoa1/RwbriMVs/2v9n8fLOJaz0Sj/+5jaebVSGwYtKzWSuoz\n1YTg26V26oZuSNDLoh2TQHgXgv99Xk0ZLrkrv30gzijOKw6KHfP+ZKlF7iIFfqFz\nmmevYZFo5elft3PBsn5FAMOi0YYZ6etCVD6M9nvRrwKCAQAs9cEO8mvsK7OtrJv4\nTcSZDlrY0nx4Raj063CWwzufDmAtrCRLPA6JJKF7xtm2GEDyaC/qoOYkSXuGyLKV\njvdq0Dh4eZ9N/PJPKcWxGTFXr6vUeutjJIPEml28+y4NurEzVwRzuUbvdrJqJFNN\nqYqePJ/n4LzG6E8yw541nK5caxqIvNOaXA0KcBYHeWQawu23rbIe3V3IP6R1weHW\n+hvsAe3M2l/JqsRUyWmwpd0DOFhUo2YWiyPnHSPJMPY4/+Ddavcd4fm5uVHQC2lO\n3G0SpWRneuHCCu47RO8qZMFeUGNY25mkOTeiH6XkDl9VJh05eFWhmPW4hXqyQ7oO\nBYkBAoIBAAXPDVuEk/1HEFpeVRO5VpdgWW26llbLQ9drOmKHzX42Z+lL1gerqJB9\nsnBaSbgoOsSX6vkbj9yXjYH1JIws2aD2uQGoLfPkoRB4ebF53AMcsWNN5PTKg4sq\nC0nsFP4lAkngMEsNhK9FLj7ouPcEYHS5dmj9NlNx274ZGMAoSbSoDsj7dJGRbFpk\nQWmPUNreEw/nX2ACc3939OA6ylNAhRA4C3IoFp7lSLyKhzi33U7L1KUPx3ZncLaQ\n6XepdckKqSsqQczn/qOwvDq9EMgWgfiRoaoHz2UtX4u/4iaC5cxMbqclmMCmvLRf\nsHVEbVnP9vknMzYBKsxBuVZK9SVLbucCggEAXevLQ94S+Z3bHAnpHqQ4LytflAxx\ndu/SvPd1n5h6O/oMYj5hPTqhFhuYrIyGpGDTLh36MHHlmDsQPRBBxpXSlYDa2ZLi\nvkNt8O/L2094gVJ6mr5jeTwWjVemzhacQrsJXJU5XUxCR1Nt+YAlKvjq8HLRVYIh\nD9y1z/0M0jxunbEsW9Zb15KipmiOw9gSjiMmapX1l+yKrHz0hOOciyWx/2RM5lWC\nwwtHZZHYWqm+dg18QIFwE+ysuWUOecaaRn6cX0HLyN0GjYXP4C+hjbRdyeaxVaa/\n2ZEiSzr8KNpzPgMMql1dqVC/gyNWdLTGS/E6Ry0hiZkLHNSqKUu+8wtIHw==\n-----END RSA PRIVATE KEY-----\n",
            "content_base64": null,
            "content_base64sha256": "oIMaKUyTdfuk0RSbT01l4po5mgKlBVr4w4EQOR0S19g=",
            "content_base64sha512": "ujQ1J2+Nwy2geHaRQhsDULpA1bNbM+uNVzJtTmQF6XWZEiOtatND27r/qFVHDARsA6800XQWghNsUmLqLUDbXw==",
            "content_md5": "566b735395210d0c8c06fce06b8eb8d4",
            "content_sha1": "9117917aa6a3e7d3f3fe645fd42317136b131c65",
            "content_sha256": "a0831a294c9375fba4d1149b4f4d65e29a399a02a5055af8c38110391d12d7d8",
            "content_sha512": "ba3435276f8dc32da0787691421b0350ba40d5b35b33eb8d57326d4e6405e975991223ad6ad343dbbaffa855470c046c03af34d1741682136c5262ea2d40db5f",
            "directory_permission": "0777",
            "file_permission": "0777",
            "filename": "tf_key",
            "id": "9117917aa6a3e7d3f3fe645fd42317136b131c65",
            "sensitive_content": null,
            "source": null
          },
          "sensitive_attributes": [
            [
              {
                "type": "get_attr",
                "value": "sensitive_content"
              }
            ],
            [
              {
                "type": "get_attr",
                "value": "content"
              }
            ]
          ],
          "dependencies": [
            "module.test_env_module.tls_private_key.rsa"
          ]
        }
      ]
    },
    {
      "module": "module.test_env_module",
      "mode": "managed",
      "type": "tls_private_key",
      "name": "rsa",
      "provider": "provider[\"registry.terraform.io/hashicorp/tls\"]",
      "instances": [
        {
          "schema_version": 1,
          "attributes": {
            "algorithm": "RSA",
            "ecdsa_curve": "P224",
            "id": "caeea53fa6ad1e9772f917203ac0b1ab032a7641",
            "private_key_openssh": "-----BEGIN OPENSSH PRIVATE KEY-----\nb3BlbnNzaC1rZXktdjEAAAAABG5vbmUAAAAEbm9uZQAAAAAAAAABAAACFwAAAAdz\nc2gtcnNhAAAAAwEAAQAAAgEAxPpOsQvCd9tMuoBFPlvHTG6gSfypHbCLlH0o9eo7\nT4fn76L3FDxVVnM6lNMPS5bx1+fiuiZaUdGiHs/3KFU4am3chBEg7S+lyWDyqRua\nNdg8+4RoV0l3rrre0/VOxWvps+q/m0J1fnR8/opDy2Cq5do9HJ1qeMhSTV2pkqQV\nAtdsZEnrylfO8MhB8UqS3LOHCZRlWaNljjmOL/ICDiGew2EWKWqgtR2Gh/dJHOjm\nM0WHBWwcmIpuIUK5uG8S6Ezhr0Nj7m/7CzRBV9OTJjm5+0666n0resM0pccL8MAZ\nF2HN54ndoddRvjtb/p7zKytu9/HKuA0GYvd/ZaEmVyTrhRAWkZrykFPw+fbgXc35\nYlwOXMApV/J9+OtMHObH06N3ziiCHT4xHlT5SNi7AvmQlviVwRVYWBMFikixuIaz\nkiqSnCYZ9delT+F56tmi5aIyDhjTwdwuaHDCOT8/NUu65ITfKKrdTYxnrytbahTs\nCFrImrQFvy20zSIHSUz/G4y7YdYAqwZaLBL60qbUS+ui+FWKPjUL5Qwm8xGuwKlu\nC3gpqV4rLsHCITtRq0GdQPvfb4Qb4wi7cfq4NUew4KJcKBOXu6EvyQHj0nL3EBzf\nNmFSoN5qW1JFc9yuH/6dDBXN4PAvD9Z81IAVXH06aFJPec8gAKAMZ1exx8vIUwv9\nvW8AAAc4X+BBE1/gQRMAAAAHc3NoLXJzYQAAAgEAxPpOsQvCd9tMuoBFPlvHTG6g\nSfypHbCLlH0o9eo7T4fn76L3FDxVVnM6lNMPS5bx1+fiuiZaUdGiHs/3KFU4am3c\nhBEg7S+lyWDyqRuaNdg8+4RoV0l3rrre0/VOxWvps+q/m0J1fnR8/opDy2Cq5do9\nHJ1qeMhSTV2pkqQVAtdsZEnrylfO8MhB8UqS3LOHCZRlWaNljjmOL/ICDiGew2EW\nKWqgtR2Gh/dJHOjmM0WHBWwcmIpuIUK5uG8S6Ezhr0Nj7m/7CzRBV9OTJjm5+066\n6n0resM0pccL8MAZF2HN54ndoddRvjtb/p7zKytu9/HKuA0GYvd/ZaEmVyTrhRAW\nkZrykFPw+fbgXc35YlwOXMApV/J9+OtMHObH06N3ziiCHT4xHlT5SNi7AvmQlviV\nwRVYWBMFikixuIazkiqSnCYZ9delT+F56tmi5aIyDhjTwdwuaHDCOT8/NUu65ITf\nKKrdTYxnrytbahTsCFrImrQFvy20zSIHSUz/G4y7YdYAqwZaLBL60qbUS+ui+FWK\nPjUL5Qwm8xGuwKluC3gpqV4rLsHCITtRq0GdQPvfb4Qb4wi7cfq4NUew4KJcKBOX\nu6EvyQHj0nL3EBzfNmFSoN5qW1JFc9yuH/6dDBXN4PAvD9Z81IAVXH06aFJPec8g\nAKAMZ1exx8vIUwv9vW8AAAADAQABAAACAHGWZgpyXZIARB7IGSX8htDsekIwENWu\nGM9n3Vbx24HhPT5TG2fv4sYXbJClpQxR3uRCM9xkgXDtEi/yfPQlMIMvFxqRRguA\njnmyDjy2Thb+uyvPDtxG4V1BJX3U17fAouO9WwCNMnPZeLrPwIhnFiW108fMfrln\nyw4SFNcbB4K79yVd+zqTqCHxWRVri4T5gcVkbY1jTAzX48aCJ+0+Ne807TK06jeG\n7y04zFB/fT/TuCjITzUnnppPgAl7A8wxiXMnyViV+o5bc9LRjulcIINqwx61T31b\nU+DFB32tSMrS+4mpVsUdBWZNlJ8fydn7EeKo6912pVgsoKpaY2GdSLJPp+aldPhn\n1wAU4spgFPvxrPAVcwyr+4+Xe/gmTxEn8dG8T4+khF8VL2bHuDLAs79mI9dde1Qd\nIx6eKTZoPfT3Z7E2HGZKWMV9YBHhqqrq+3D5hUSN4jEqD3TX5Zs8fTL++Vs7JY+e\n+O6/mgqw9YE89U7A5Wm6wr5aM/IyOMecwtwTod3fse2sGdcCah7ygaopIMbu0QfW\nqX6rjCdLAjSzE/43BOf0BxL5tXn0j+RHrOvqs9UTmEoEwgw3y7B9XBnsvBVVbFne\n3rjqvhQoetklck7F5mBiWD1sGbR2aElmrlZEqq4POBg2jkccPFPZKtM6ZIlGbSWG\nT7/7B2E5XLABAAABAF3ry0PeEvmd2xwJ6R6kOC8rX5QMcXbv0rz3dZ+Yejv6DGI+\nYT06oRYbmKyMhqRg0y4d+jBx5Zg7ED0QQcaV0pWA2tmS4r5DbfDvy9tPeIFSepq+\nY3k8Fo1Xps4WnEK7CVyVOV1MQkdTbfmAJSr46vBy0VWCIQ/ctc/9DNI8bp2xLFvW\nW9eSoqZojsPYEo4jJmqV9Zfsiqx89ITjnIslsf9kTOZVgsMLR2WR2FqpvnYNfECB\ncBPsrLllDnnGmkZ+nF9By8jdBo2Fz+AvoY20XcnmsVWmv9mRIks6/Cjacz4DDKpd\nXalQv4MjVnS0xkvxOkctIYmZCxzUqilLvvMLSB8AAAEBAOWNj+3hbGMS52B0WH1I\nS3G9OdIn1XRvZCt8Ug2jWSewNYfI1aBvj8eU/lU1AC2rvOHJo60Msx60xJKNY8O4\ndfGiFv0/5VjgBBIcVl/eOUvjCCPfxJu4VvpMeMRtCLazeUyrMcFARb0ZzhPCXL0q\nNPdy622LdfsnxS/Xfk8x8GLKm/VMHNzP4iI/CDVHT55+sXkWc+zX9y1XSeZwUOjd\nMiQs3rWSo/CTEPu6Fg8mAZ37mncZgLeCKbAV6pY7gD0R/JhypfNB93VASjfydxIQ\nWkmaL/ZppcrNqsODcGP1EOTU3+ARmblgNODLG+pi1G7WUx4vsBp1GNb6uB321Qkq\ngEEAAAEBANur+LK7iFMstG5NBz8jWhFGSUfxPOrRRDNE9OKhnCSeq5uDOWP1/Vz0\nd6k/YgEsmcBJNJej9yjVByp97sN+RbJZz07pC64/qU18QeBSWkDOSr8Labi4Z6cC\n36TpPQrIqzD3TzbGyxWx7pULprz8Oqj6/1P/TtUKXj1HxRjSoSezsZDzFPrUHYRM\nySsYI8aGtf0cG64jFbP9r/Z/HyziWs9Eo//uY2nm1UhsGLSs1krqM9WE4NulduqG\nbkjQy6Idk0B4F4L/fV5NGS65K799IM4ozisOih3z/mSpRe4iBX6hc5pnr2GRaOXp\nX7dzwbJ+RQDDotGGGenrQlQ+jPZ70a8AAAAAAQID\n-----END OPENSSH PRIVATE KEY-----\n",
            "private_key_pem": "-----BEGIN RSA PRIVATE KEY-----\nMIIJJwIBAAKCAgEAxPpOsQvCd9tMuoBFPlvHTG6gSfypHbCLlH0o9eo7T4fn76L3\nFDxVVnM6lNMPS5bx1+fiuiZaUdGiHs/3KFU4am3chBEg7S+lyWDyqRuaNdg8+4Ro\nV0l3rrre0/VOxWvps+q/m0J1fnR8/opDy2Cq5do9HJ1qeMhSTV2pkqQVAtdsZEnr\nylfO8MhB8UqS3LOHCZRlWaNljjmOL/ICDiGew2EWKWqgtR2Gh/dJHOjmM0WHBWwc\nmIpuIUK5uG8S6Ezhr0Nj7m/7CzRBV9OTJjm5+0666n0resM0pccL8MAZF2HN54nd\noddRvjtb/p7zKytu9/HKuA0GYvd/ZaEmVyTrhRAWkZrykFPw+fbgXc35YlwOXMAp\nV/J9+OtMHObH06N3ziiCHT4xHlT5SNi7AvmQlviVwRVYWBMFikixuIazkiqSnCYZ\n9delT+F56tmi5aIyDhjTwdwuaHDCOT8/NUu65ITfKKrdTYxnrytbahTsCFrImrQF\nvy20zSIHSUz/G4y7YdYAqwZaLBL60qbUS+ui+FWKPjUL5Qwm8xGuwKluC3gpqV4r\nLsHCITtRq0GdQPvfb4Qb4wi7cfq4NUew4KJcKBOXu6EvyQHj0nL3EBzfNmFSoN5q\nW1JFc9yuH/6dDBXN4PAvD9Z81IAVXH06aFJPec8gAKAMZ1exx8vIUwv9vW8CAwEA\nAQKCAgBxlmYKcl2SAEQeyBkl/IbQ7HpCMBDVrhjPZ91W8duB4T0+Uxtn7+LGF2yQ\npaUMUd7kQjPcZIFw7RIv8nz0JTCDLxcakUYLgI55sg48tk4W/rsrzw7cRuFdQSV9\n1Ne3wKLjvVsAjTJz2Xi6z8CIZxYltdPHzH65Z8sOEhTXGweCu/clXfs6k6gh8VkV\na4uE+YHFZG2NY0wM1+PGgiftPjXvNO0ytOo3hu8tOMxQf30/07goyE81J56aT4AJ\newPMMYlzJ8lYlfqOW3PS0Y7pXCCDasMetU99W1PgxQd9rUjK0vuJqVbFHQVmTZSf\nH8nZ+xHiqOvddqVYLKCqWmNhnUiyT6fmpXT4Z9cAFOLKYBT78azwFXMMq/uPl3v4\nJk8RJ/HRvE+PpIRfFS9mx7gywLO/ZiPXXXtUHSMenik2aD3092exNhxmSljFfWAR\n4aqq6vtw+YVEjeIxKg901+WbPH0y/vlbOyWPnvjuv5oKsPWBPPVOwOVpusK+WjPy\nMjjHnMLcE6Hd37HtrBnXAmoe8oGqKSDG7tEH1ql+q4wnSwI0sxP+NwTn9AcS+bV5\n9I/kR6zr6rPVE5hKBMIMN8uwfVwZ7LwVVWxZ3t646r4UKHrZJXJOxeZgYlg9bBm0\ndmhJZq5WRKquDzgYNo5HHDxT2SrTOmSJRm0lhk+/+wdhOVywAQKCAQEA5Y2P7eFs\nYxLnYHRYfUhLcb050ifVdG9kK3xSDaNZJ7A1h8jVoG+Px5T+VTUALau84cmjrQyz\nHrTEko1jw7h18aIW/T/lWOAEEhxWX945S+MII9/Em7hW+kx4xG0ItrN5TKsxwUBF\nvRnOE8JcvSo093LrbYt1+yfFL9d+TzHwYsqb9Uwc3M/iIj8INUdPnn6xeRZz7Nf3\nLVdJ5nBQ6N0yJCzetZKj8JMQ+7oWDyYBnfuadxmAt4IpsBXqljuAPRH8mHKl80H3\ndUBKN/J3EhBaSZov9mmlys2qw4NwY/UQ5NTf4BGZuWA04Msb6mLUbtZTHi+wGnUY\n1vq4HfbVCSqAQQKCAQEA26v4sruIUyy0bk0HPyNaEUZJR/E86tFEM0T04qGcJJ6r\nm4M5Y/X9XPR3qT9iASyZwEk0l6P3KNUHKn3uw35FslnPTukLrj+pTXxB4FJaQM5K\nvwtpuLhnpwLfpOk9CsirMPdPNsbLFbHulQumvPw6qPr/U/9O1QpePUfFGNKhJ7Ox\nkPMU+tQdhEzJKxgjxoa1/RwbriMVs/2v9n8fLOJaz0Sj/+5jaebVSGwYtKzWSuoz\n1YTg26V26oZuSNDLoh2TQHgXgv99Xk0ZLrkrv30gzijOKw6KHfP+ZKlF7iIFfqFz\nmmevYZFo5elft3PBsn5FAMOi0YYZ6etCVD6M9nvRrwKCAQAs9cEO8mvsK7OtrJv4\nTcSZDlrY0nx4Raj063CWwzufDmAtrCRLPA6JJKF7xtm2GEDyaC/qoOYkSXuGyLKV\njvdq0Dh4eZ9N/PJPKcWxGTFXr6vUeutjJIPEml28+y4NurEzVwRzuUbvdrJqJFNN\nqYqePJ/n4LzG6E8yw541nK5caxqIvNOaXA0KcBYHeWQawu23rbIe3V3IP6R1weHW\n+hvsAe3M2l/JqsRUyWmwpd0DOFhUo2YWiyPnHSPJMPY4/+Ddavcd4fm5uVHQC2lO\n3G0SpWRneuHCCu47RO8qZMFeUGNY25mkOTeiH6XkDl9VJh05eFWhmPW4hXqyQ7oO\nBYkBAoIBAAXPDVuEk/1HEFpeVRO5VpdgWW26llbLQ9drOmKHzX42Z+lL1gerqJB9\nsnBaSbgoOsSX6vkbj9yXjYH1JIws2aD2uQGoLfPkoRB4ebF53AMcsWNN5PTKg4sq\nC0nsFP4lAkngMEsNhK9FLj7ouPcEYHS5dmj9NlNx274ZGMAoSbSoDsj7dJGRbFpk\nQWmPUNreEw/nX2ACc3939OA6ylNAhRA4C3IoFp7lSLyKhzi33U7L1KUPx3ZncLaQ\n6XepdckKqSsqQczn/qOwvDq9EMgWgfiRoaoHz2UtX4u/4iaC5cxMbqclmMCmvLRf\nsHVEbVnP9vknMzYBKsxBuVZK9SVLbucCggEAXevLQ94S+Z3bHAnpHqQ4LytflAxx\ndu/SvPd1n5h6O/oMYj5hPTqhFhuYrIyGpGDTLh36MHHlmDsQPRBBxpXSlYDa2ZLi\nvkNt8O/L2094gVJ6mr5jeTwWjVemzhacQrsJXJU5XUxCR1Nt+YAlKvjq8HLRVYIh\nD9y1z/0M0jxunbEsW9Zb15KipmiOw9gSjiMmapX1l+yKrHz0hOOciyWx/2RM5lWC\nwwtHZZHYWqm+dg18QIFwE+ysuWUOecaaRn6cX0HLyN0GjYXP4C+hjbRdyeaxVaa/\n2ZEiSzr8KNpzPgMMql1dqVC/gyNWdLTGS/E6Ry0hiZkLHNSqKUu+8wtIHw==\n-----END RSA PRIVATE KEY-----\n",
            "private_key_pem_pkcs8": "-----BEGIN PRIVATE KEY-----\nMIIJQQIBADANBgkqhkiG9w0BAQEFAASCCSswggknAgEAAoICAQDE+k6xC8J320y6\ngEU+W8dMbqBJ/KkdsIuUfSj16jtPh+fvovcUPFVWczqU0w9LlvHX5+K6JlpR0aIe\nz/coVThqbdyEESDtL6XJYPKpG5o12Dz7hGhXSXeuut7T9U7Fa+mz6r+bQnV+dHz+\nikPLYKrl2j0cnWp4yFJNXamSpBUC12xkSevKV87wyEHxSpLcs4cJlGVZo2WOOY4v\n8gIOIZ7DYRYpaqC1HYaH90kc6OYzRYcFbByYim4hQrm4bxLoTOGvQ2Pub/sLNEFX\n05MmObn7TrrqfSt6wzSlxwvwwBkXYc3nid2h11G+O1v+nvMrK2738cq4DQZi939l\noSZXJOuFEBaRmvKQU/D59uBdzfliXA5cwClX8n3460wc5sfTo3fOKIIdPjEeVPlI\n2LsC+ZCW+JXBFVhYEwWKSLG4hrOSKpKcJhn116VP4Xnq2aLlojIOGNPB3C5ocMI5\nPz81S7rkhN8oqt1NjGevK1tqFOwIWsiatAW/LbTNIgdJTP8bjLth1gCrBlosEvrS\nptRL66L4VYo+NQvlDCbzEa7AqW4LeCmpXisuwcIhO1GrQZ1A+99vhBvjCLtx+rg1\nR7DgolwoE5e7oS/JAePScvcQHN82YVKg3mpbUkVz3K4f/p0MFc3g8C8P1nzUgBVc\nfTpoUk95zyAAoAxnV7HHy8hTC/29bwIDAQABAoICAHGWZgpyXZIARB7IGSX8htDs\nekIwENWuGM9n3Vbx24HhPT5TG2fv4sYXbJClpQxR3uRCM9xkgXDtEi/yfPQlMIMv\nFxqRRguAjnmyDjy2Thb+uyvPDtxG4V1BJX3U17fAouO9WwCNMnPZeLrPwIhnFiW1\n08fMfrlnyw4SFNcbB4K79yVd+zqTqCHxWRVri4T5gcVkbY1jTAzX48aCJ+0+Ne80\n7TK06jeG7y04zFB/fT/TuCjITzUnnppPgAl7A8wxiXMnyViV+o5bc9LRjulcIINq\nwx61T31bU+DFB32tSMrS+4mpVsUdBWZNlJ8fydn7EeKo6912pVgsoKpaY2GdSLJP\np+aldPhn1wAU4spgFPvxrPAVcwyr+4+Xe/gmTxEn8dG8T4+khF8VL2bHuDLAs79m\nI9dde1QdIx6eKTZoPfT3Z7E2HGZKWMV9YBHhqqrq+3D5hUSN4jEqD3TX5Zs8fTL+\n+Vs7JY+e+O6/mgqw9YE89U7A5Wm6wr5aM/IyOMecwtwTod3fse2sGdcCah7ygaop\nIMbu0QfWqX6rjCdLAjSzE/43BOf0BxL5tXn0j+RHrOvqs9UTmEoEwgw3y7B9XBns\nvBVVbFne3rjqvhQoetklck7F5mBiWD1sGbR2aElmrlZEqq4POBg2jkccPFPZKtM6\nZIlGbSWGT7/7B2E5XLABAoIBAQDljY/t4WxjEudgdFh9SEtxvTnSJ9V0b2QrfFIN\no1knsDWHyNWgb4/HlP5VNQAtq7zhyaOtDLMetMSSjWPDuHXxohb9P+VY4AQSHFZf\n3jlL4wgj38SbuFb6THjEbQi2s3lMqzHBQEW9Gc4Twly9KjT3cutti3X7J8Uv135P\nMfBiypv1TBzcz+IiPwg1R0+efrF5FnPs1/ctV0nmcFDo3TIkLN61kqPwkxD7uhYP\nJgGd+5p3GYC3gimwFeqWO4A9EfyYcqXzQfd1QEo38ncSEFpJmi/2aaXKzarDg3Bj\n9RDk1N/gEZm5YDTgyxvqYtRu1lMeL7AadRjW+rgd9tUJKoBBAoIBAQDbq/iyu4hT\nLLRuTQc/I1oRRklH8Tzq0UQzRPTioZwknqubgzlj9f1c9HepP2IBLJnASTSXo/co\n1Qcqfe7DfkWyWc9O6QuuP6lNfEHgUlpAzkq/C2m4uGenAt+k6T0KyKsw9082xssV\nse6VC6a8/Dqo+v9T/07VCl49R8UY0qEns7GQ8xT61B2ETMkrGCPGhrX9HBuuIxWz\n/a/2fx8s4lrPRKP/7mNp5tVIbBi0rNZK6jPVhODbpXbqhm5I0MuiHZNAeBeC/31e\nTRkuuSu/fSDOKM4rDood8/5kqUXuIgV+oXOaZ69hkWjl6V+3c8GyfkUAw6LRhhnp\n60JUPoz2e9GvAoIBACz1wQ7ya+wrs62sm/hNxJkOWtjSfHhFqPTrcJbDO58OYC2s\nJEs8DokkoXvG2bYYQPJoL+qg5iRJe4bIspWO92rQOHh5n0388k8pxbEZMVevq9R6\n62Mkg8SaXbz7Lg26sTNXBHO5Ru92smokU02pip48n+fgvMboTzLDnjWcrlxrGoi8\n05pcDQpwFgd5ZBrC7betsh7dXcg/pHXB4db6G+wB7czaX8mqxFTJabCl3QM4WFSj\nZhaLI+cdI8kw9jj/4N1q9x3h+bm5UdALaU7cbRKlZGd64cIK7jtE7ypkwV5QY1jb\nmaQ5N6IfpeQOX1UmHTl4VaGY9biFerJDug4FiQECggEABc8NW4ST/UcQWl5VE7lW\nl2BZbbqWVstD12s6YofNfjZn6UvWB6uokH2ycFpJuCg6xJfq+RuP3JeNgfUkjCzZ\noPa5Aagt8+ShEHh5sXncAxyxY03k9MqDiyoLSewU/iUCSeAwSw2Er0UuPui49wRg\ndLl2aP02U3HbvhkYwChJtKgOyPt0kZFsWmRBaY9Q2t4TD+dfYAJzf3f04DrKU0CF\nEDgLcigWnuVIvIqHOLfdTsvUpQ/HdmdwtpDpd6l1yQqpKypBzOf+o7C8Or0QyBaB\n+JGhqgfPZS1fi7/iJoLlzExupyWYwKa8tF+wdURtWc/2+SczNgEqzEG5Vkr1JUtu\n5wKCAQBd68tD3hL5ndscCekepDgvK1+UDHF279K893WfmHo7+gxiPmE9OqEWG5is\njIakYNMuHfowceWYOxA9EEHGldKVgNrZkuK+Q23w78vbT3iBUnqavmN5PBaNV6bO\nFpxCuwlclTldTEJHU235gCUq+OrwctFVgiEP3LXP/QzSPG6dsSxb1lvXkqKmaI7D\n2BKOIyZqlfWX7IqsfPSE45yLJbH/ZEzmVYLDC0dlkdhaqb52DXxAgXAT7Ky5ZQ55\nxppGfpxfQcvI3QaNhc/gL6GNtF3J5rFVpr/ZkSJLOvwo2nM+AwyqXV2pUL+DI1Z0\ntMZL8TpHLSGJmQsc1KopS77zC0gf\n-----END PRIVATE KEY-----\n",
            "public_key_fingerprint_md5": "9a:df:c4:49:f6:cb:3e:41:59:c5:31:ee:ae:4d:79:3d",
            "public_key_fingerprint_sha256": "SHA256:0TAalH8vEgIWMEEqY7wG+4JOkuQ6QLde4fYrc2LYH6Q",
            "public_key_openssh": "ssh-rsa AAAAB3NzaC1yc2EAAAADAQABAAACAQDE+k6xC8J320y6gEU+W8dMbqBJ/KkdsIuUfSj16jtPh+fvovcUPFVWczqU0w9LlvHX5+K6JlpR0aIez/coVThqbdyEESDtL6XJYPKpG5o12Dz7hGhXSXeuut7T9U7Fa+mz6r+bQnV+dHz+ikPLYKrl2j0cnWp4yFJNXamSpBUC12xkSevKV87wyEHxSpLcs4cJlGVZo2WOOY4v8gIOIZ7DYRYpaqC1HYaH90kc6OYzRYcFbByYim4hQrm4bxLoTOGvQ2Pub/sLNEFX05MmObn7TrrqfSt6wzSlxwvwwBkXYc3nid2h11G+O1v+nvMrK2738cq4DQZi939loSZXJOuFEBaRmvKQU/D59uBdzfliXA5cwClX8n3460wc5sfTo3fOKIIdPjEeVPlI2LsC+ZCW+JXBFVhYEwWKSLG4hrOSKpKcJhn116VP4Xnq2aLlojIOGNPB3C5ocMI5Pz81S7rkhN8oqt1NjGevK1tqFOwIWsiatAW/LbTNIgdJTP8bjLth1gCrBlosEvrSptRL66L4VYo+NQvlDCbzEa7AqW4LeCmpXisuwcIhO1GrQZ1A+99vhBvjCLtx+rg1R7DgolwoE5e7oS/JAePScvcQHN82YVKg3mpbUkVz3K4f/p0MFc3g8C8P1nzUgBVcfTpoUk95zyAAoAxnV7HHy8hTC/29bw==\n",
            "public_key_pem": "-----BEGIN PUBLIC KEY-----\nMIICIjANBgkqhkiG9w0BAQEFAAOCAg8AMIICCgKCAgEAxPpOsQvCd9tMuoBFPlvH\nTG6gSfypHbCLlH0o9eo7T4fn76L3FDxVVnM6lNMPS5bx1+fiuiZaUdGiHs/3KFU4\nam3chBEg7S+lyWDyqRuaNdg8+4RoV0l3rrre0/VOxWvps+q/m0J1fnR8/opDy2Cq\n5do9HJ1qeMhSTV2pkqQVAtdsZEnrylfO8MhB8UqS3LOHCZRlWaNljjmOL/ICDiGe\nw2EWKWqgtR2Gh/dJHOjmM0WHBWwcmIpuIUK5uG8S6Ezhr0Nj7m/7CzRBV9OTJjm5\n+0666n0resM0pccL8MAZF2HN54ndoddRvjtb/p7zKytu9/HKuA0GYvd/ZaEmVyTr\nhRAWkZrykFPw+fbgXc35YlwOXMApV/J9+OtMHObH06N3ziiCHT4xHlT5SNi7AvmQ\nlviVwRVYWBMFikixuIazkiqSnCYZ9delT+F56tmi5aIyDhjTwdwuaHDCOT8/NUu6\n5ITfKKrdTYxnrytbahTsCFrImrQFvy20zSIHSUz/G4y7YdYAqwZaLBL60qbUS+ui\n+FWKPjUL5Qwm8xGuwKluC3gpqV4rLsHCITtRq0GdQPvfb4Qb4wi7cfq4NUew4KJc\nKBOXu6EvyQHj0nL3EBzfNmFSoN5qW1JFc9yuH/6dDBXN4PAvD9Z81IAVXH06aFJP\nec8gAKAMZ1exx8vIUwv9vW8CAwEAAQ==\n-----END PUBLIC KEY-----\n",
            "rsa_bits": 4096
          },
          "sensitive_attributes": [
            [
              {
                "type": "get_attr",
                "value": "private_key_openssh"
              }
            ],
            [
              {
                "type": "get_attr",
                "value": "private_key_pem_pkcs8"
              }
            ],
            [
              {
                "type": "get_attr",
                "value": "private_key_pem"
              }
            ]
          ]
        }
      ]
    }
  ],
  "check_results": null
}
